
Microsoft Visual Studio Solution File, Format Version 12.00
# Visual Studio 15
VisualStudioVersion = 15.0.26730.16
MinimumVisualStudioVersion = 10.0.40219.1
Project("{FAE04EC0-301F-11D3-BF4B-00C04F79EFBC}") = "CodingDojo3", "CodingDojo3\CodingDojo3.csproj", "{1D667964-A9A2-433B-A1C5-1FA79AB299C0}"
EndProject
Global
	GlobalSection(SolutionConfigurationPlatforms) = preSolution
		Debug|Any CPU = Debug|Any CPU
		Release|Any CPU = Release|Any CPU
	EndGlobalSection
	GlobalSection(ProjectConfigurationPlatforms) = postSolution
		{1D667964-A9A2-433B-A1C5-1FA79AB299C0}.Debug|Any CPU.ActiveCfg = Debug|Any CPU
		{1D667964-A9A2-433B-A1C5-1FA79AB299C0}.Debug|Any CPU.Build.0 = Debug|Any CPU
		{1D667964-A9A2-433B-A1C5-1FA79AB299C0}.Release|Any CPU.ActiveCfg = Release|Any CPU
		{1D667964-A9A2-433B-A1C5-1FA79AB299C0}.Release|Any CPU.Build.0 = Release|Any CPU
	EndGlobalSection
	GlobalSection(SolutionProperties) = preSolution
		HideSolutionNode = FALSE
	EndGlobalSection
	GlobalSection(ExtensibilityGlobals) = postSolution
		SolutionGuid = {AC4159A2-86CD-4267-B082-8A2573DDF352}
	EndGlobalSection
EndGlobal
